# THIS IS AN AUTOGENERATED FILE. DO NOT EDIT THIS FILE DIRECTLY.
# yarn lockfile v1


base32.js@0.1.0:
  version "0.1.0"
  resolved "https://registry.yarnpkg.com/base32.js/-/base32.js-0.1.0.tgz#b582dec693c2f11e893cf064ee6ac5b6131a2202"

ipv6-normalize@1.0.1:
  version "1.0.1"
  resolved "https://registry.yarnpkg.com/ipv6-normalize/-/ipv6-normalize-1.0.1.tgz#1b3258290d365fa83239e89907dde4592e7620a8"

lix@^15.3.5:
  version "15.3.5"
  resolved "https://registry.yarnpkg.com/lix/-/lix-15.3.5.tgz#fdffe8e3b5f07f46dabcabc83eaf65dfaaf78825"

nodemailer@5.0.0:
  version "5.0.0"
  resolved "https://registry.yarnpkg.com/nodemailer/-/nodemailer-5.0.0.tgz#bcb409eca613114e85de42646d0ce7f1fa70b716"

smtp-server@^3.5.0:
  version "3.5.0"
  resolved "https://registry.yarnpkg.com/smtp-server/-/smtp-server-3.5.0.tgz#eb2e7bd52f26b4136b9dfc2c9fa0ba70e18cdc81"
  dependencies:
    base32.js "0.1.0"
    ipv6-normalize "1.0.1"
    nodemailer "5.0.0"
